
Microsoft Visual Studio Solution File, Format Version 10.00
# Visual C++ Express 2008
Project("{8BC9CEB8-8B4A-11D0-8D11-00A0C91BC942}") = "BezierView", "BezierView.vcproj", "{DC66B3FE-F0B2-450F-A36D-5A7E8344DE7D}"
	ProjectSection(ProjectDependencies) = postProject
		{5D5EE8FD-8FBD-4922-923B-148B754FC501} = {5D5EE8FD-8FBD-4922-923B-148B754FC501}
	EndProjectSection
EndProject
Project("{8BC9CEB8-8B4A-11D0-8D11-00A0C91BC942}") = "SGOL", "SGOL\SGOL.vcproj", "{5D5EE8FD-8FBD-4922-923B-148B754FC501}"
EndProject
Global
	GlobalSection(SolutionConfigurationPlatforms) = preSolution
		Debug|Win32 = Debug|Win32
		Release|Win32 = Release|Win32
	EndGlobalSection
	GlobalSection(ProjectConfigurationPlatforms) = postSolution
		{DC66B3FE-F0B2-450F-A36D-5A7E8344DE7D}.Debug|Win32.ActiveCfg = Debug|Win32
		{DC66B3FE-F0B2-450F-A36D-5A7E8344DE7D}.Debug|Win32.Build.0 = Debug|Win32
		{DC66B3FE-F0B2-450F-A36D-5A7E8344DE7D}.Release|Win32.ActiveCfg = Release|Win32
		{DC66B3FE-F0B2-450F-A36D-5A7E8344DE7D}.Release|Win32.Build.0 = Release|Win32
		{5D5EE8FD-8FBD-4922-923B-148B754FC501}.Debug|Win32.ActiveCfg = Debug|Win32
		{5D5EE8FD-8FBD-4922-923B-148B754FC501}.Debug|Win32.Build.0 = Debug|Win32
		{5D5EE8FD-8FBD-4922-923B-148B754FC501}.Release|Win32.ActiveCfg = Release|Win32
		{5D5EE8FD-8FBD-4922-923B-148B754FC501}.Release|Win32.Build.0 = Release|Win32
	EndGlobalSection
	GlobalSection(SolutionProperties) = preSolution
		HideSolutionNode = FALSE
	EndGlobalSection
EndGlobal
