
Microsoft Visual Studio Solution File, Format Version 11.00
# Visual Studio 2010
Project("{8BC9CEB8-8B4A-11D0-8D11-00A0C91BC942}") = "BezierView", "BezierView.vcxproj", "{DC66B3FE-F0B2-450F-A36D-5A7E8344DE7D}"
EndProject
Project("{8BC9CEB8-8B4A-11D0-8D11-00A0C91BC942}") = "SGOL", "SGOL\SGOL.vcxproj", "{5D5EE8FD-8FBD-4922-923B-148B754FC501}"
EndProject
Global
	GlobalSection(SolutionConfigurationPlatforms) = preSolution
		Debug|Win32 = Debug|Win32
		Debug|x64 = Debug|x64
		Release|Win32 = Release|Win32
		Release|x64 = Release|x64
	EndGlobalSection
	GlobalSection(ProjectConfigurationPlatforms) = postSolution
		{DC66B3FE-F0B2-450F-A36D-5A7E8344DE7D}.Debug|Win32.ActiveCfg = Debug|Win32
		{DC66B3FE-F0B2-450F-A36D-5A7E8344DE7D}.Debug|Win32.Build.0 = Debug|Win32
		{DC66B3FE-F0B2-450F-A36D-5A7E8344DE7D}.Debug|x64.ActiveCfg = Debug|x64
		{DC66B3FE-F0B2-450F-A36D-5A7E8344DE7D}.Debug|x64.Build.0 = Debug|x64
		{DC66B3FE-F0B2-450F-A36D-5A7E8344DE7D}.Release|Win32.ActiveCfg = Release|Win32
		{DC66B3FE-F0B2-450F-A36D-5A7E8344DE7D}.Release|Win32.Build.0 = Release|Win32
		{DC66B3FE-F0B2-450F-A36D-5A7E8344DE7D}.Release|x64.ActiveCfg = Release|Win32
		{5D5EE8FD-8FBD-4922-923B-148B754FC501}.Debug|Win32.ActiveCfg = Debug|Win32
		{5D5EE8FD-8FBD-4922-923B-148B754FC501}.Debug|Win32.Build.0 = Debug|Win32
		{5D5EE8FD-8FBD-4922-923B-148B754FC501}.Debug|x64.ActiveCfg = Debug|x64
		{5D5EE8FD-8FBD-4922-923B-148B754FC501}.Debug|x64.Build.0 = Debug|x64
		{5D5EE8FD-8FBD-4922-923B-148B754FC501}.Release|Win32.ActiveCfg = Release|Win32
		{5D5EE8FD-8FBD-4922-923B-148B754FC501}.Release|Win32.Build.0 = Release|Win32
		{5D5EE8FD-8FBD-4922-923B-148B754FC501}.Release|x64.ActiveCfg = Release|x64
		{5D5EE8FD-8FBD-4922-923B-148B754FC501}.Release|x64.Build.0 = Release|x64
	EndGlobalSection
	GlobalSection(SolutionProperties) = preSolution
		HideSolutionNode = FALSE
	EndGlobalSection
EndGlobal
